
Microsoft Visual Studio Solution File, Format Version 12.00
# Visual Studio Version 17
VisualStudioVersion = 17.4.33122.133
MinimumVisualStudioVersion = 10.0.40219.1
Project("{FAE04EC0-301F-11D3-BF4B-00C04F79EFBC}") = "BD07", "BD07\BD07.csproj", "{36061E13-4F93-48A9-B780-E699192CEED4}"
EndProject
Global
	GlobalSection(SolutionConfigurationPlatforms) = preSolution
		Debug|Any CPU = Debug|Any CPU
		Release|Any CPU = Release|Any CPU
	EndGlobalSection
	GlobalSection(ProjectConfigurationPlatforms) = postSolution
		{36061E13-4F93-48A9-B780-E699192CEED4}.Debug|Any CPU.ActiveCfg = Debug|Any CPU
		{36061E13-4F93-48A9-B780-E699192CEED4}.Debug|Any CPU.Build.0 = Debug|Any CPU
		{36061E13-4F93-48A9-B780-E699192CEED4}.Release|Any CPU.ActiveCfg = Release|Any CPU
		{36061E13-4F93-48A9-B780-E699192CEED4}.Release|Any CPU.Build.0 = Release|Any CPU
	EndGlobalSection
	GlobalSection(SolutionProperties) = preSolution
		HideSolutionNode = FALSE
	EndGlobalSection
	GlobalSection(ExtensibilityGlobals) = postSolution
		SolutionGuid = {3CF918B3-3E31-4D8C-B2CD-CFCECF73AD9E}
	EndGlobalSection
EndGlobal
